# Generated by pub
# See https://dart.dev/tools/pub/glossary#lockfile
packages:
  _fe_analyzer_shared:
    dependency: transitive
    description:
      name: _fe_analyzer_shared
      sha256: eef0894ec5c6599eccfc39f38960975c940f10c897ed3fbb7fe28528c9dbd400
      url: "https://pub.tarazerp.ir"
    source: hosted
    version: "93.0.0"
  analyzer:
    dependency: transitive
    description:
      name: analyzer
      sha256: "3dd183f7344e72a40b0b3df38cd67444e1da679564c72426464456ffa5805f48"
      url: "https://pub.tarazerp.ir"
    source: hosted
    version: "10.0.1"
  args:
    dependency: transitive
    description:
      name: args
      sha256: "34b67ce1a3e41a875dc9007a2f44afcab84cb38264d33671dc50271cb93d9c2b"
      url: "https://pub.tarazerp.ir"
    source: hosted
    version: "2.7.0"
  async:
    dependency: transitive
    description:
      name: async
      sha256: e2eb0491ba5ddb6177742d2da23904574082139b07c1e33b8503b9f46f3e1a37
      url: "https://pub.tarazerp.ir"
    source: hosted
    version: "2.13.1"
  bloc:
    dependency: "direct main"
    description:
      name: bloc
      sha256: d464c9487165b854062d67c4f9cdca8c79fe427524c51cfac37944f2f557f77e
      url: "https://pub.tarazerp.ir"
    source: hosted
    version: "9.2.0"
  boolean_selector:
    dependency: transitive
    description:
      name: boolean_selector
      sha256: ecafba3f5e48cd971483fe79d36f493d3220863211d78692b433d40c4f2260e1
      url: "https://pub.tarazerp.ir"
    source: hosted
    version: "2.1.2"
  build:
    dependency: transitive
    description:
      name: build
      sha256: aadd943f4f8cc946882c954c187e6115a84c98c81ad1d9c6cbf0895a8c85da9c
      url: "https://pub.tarazerp.ir"
    source: hosted
    version: "4.0.5"
  build_config:
    dependency: transitive
    description:
      name: build_config
      sha256: "4070d2a59f8eec34c97c86ceb44403834899075f66e8a9d59706f8e7834f6f71"
      url: "https://pub.tarazerp.ir"
    source: hosted
    version: "1.3.0"
  build_daemon:
    dependency: transitive
    description:
      name: build_daemon
      sha256: "8ef54e24f71cd96d410df97f03f8a94a6cb9ae2e8510a930d7e32cef85022dda"
      url: "https://pub.tarazerp.ir"
    source: hosted
    version: "4.1.1"
  build_runner:
    dependency: "direct dev"
    description:
      name: build_runner
      sha256: "521daf8d189deb79ba474e43a696b41c49fb3987818dbacf3308f1e03673a75e"
      url: "https://pub.tarazerp.ir"
    source: hosted
    version: "2.13.1"
  built_collection:
    dependency: transitive
    description:
      name: built_collection
      sha256: "7706bf8f2effaeea76c0debf0cccc473efd10d4a11a60fb1c87f6c875a83a79a"
      url: "https://pub.tarazerp.ir"
    source: hosted
    version: "5.1.1"
  built_value:
    dependency: transitive
    description:
      name: built_value
      sha256: "0730c18c770d05636a8f945c32a4d7d81cb6e0f0148c8db4ad12e7748f7e49af"
      url: "https://pub.tarazerp.ir"
    source: hosted
    version: "8.12.5"
  characters:
    dependency: transitive
    description:
      name: characters
      sha256: faf38497bda5ead2a8c7615f4f7939df04333478bf32e4173fcb06d428b5716b
      url: "https://pub.tarazerp.ir"
    source: hosted
    version: "1.4.1"
  checked_yaml:
    dependency: transitive
    description:
      name: checked_yaml
      sha256: "9903b1dc0278edba2c8ede693dcacdfc22ba3b18d1dc5c55f13bed617b5a25e8"
      url: "https://pub.tarazerp.ir"
    source: hosted
    version: "2.0.4"
  clock:
    dependency: transitive
    description:
      name: clock
      sha256: b58524664d681fb915b754a05008ae3f3418109d991a154083cee84262e6a7ec
      url: "https://pub.tarazerp.ir"
    source: hosted
    version: "1.1.2"
  code_builder:
    dependency: transitive
    description:
      name: code_builder
      sha256: "97abfc5412002715be06928114a64e2fe3b3f8896062b518aa666bf3ee608fd8"
      url: "https://pub.tarazerp.ir"
    source: hosted
    version: "4.11.1"
  collection:
    dependency: transitive
    description:
      name: collection
      sha256: "5d71ff3ceecc30fbb8c4c9e3386cd6d1b5be2b03de53713f7c0fef65d013bbf5"
      url: "https://pub.tarazerp.ir"
    source: hosted
    version: "1.19.1"
  convert:
    dependency: transitive
    description:
      name: convert
      sha256: a7267cd75a7aa85772e3cb6d359b8cc16a5c44b2e0bcb9ed4cb48179b6d6170b
      url: "https://pub.tarazerp.ir"
    source: hosted
    version: "3.1.2"
  crypto:
    dependency: transitive
    description:
      name: crypto
      sha256: "31b97ff448664342d57e8a4a32101c39bf44db05fd7420fe2f4c24e0638d47e7"
      url: "https://pub.tarazerp.ir"
    source: hosted
    version: "3.0.7"
  cupertino_icons:
    dependency: "direct main"
    description:
      name: cupertino_icons
      sha256: "41e005c33bd814be4d3096aff55b1908d419fde52ca656c8c47719ec745873cd"
      url: "https://pub.tarazerp.ir"
    source: hosted
    version: "1.0.9"
  dart_style:
    dependency: transitive
    description:
      name: dart_style
      sha256: "29f7ecc274a86d32920b1d9cfc7502fa87220da41ec60b55f329559d5732e2b2"
      url: "https://pub.tarazerp.ir"
    source: hosted
    version: "3.1.7"
  dio:
    dependency: "direct main"
    description:
      name: dio
      sha256: aff32c08f92787a557dd5c0145ac91536481831a01b4648136373cddb0e64f8c
      url: "https://pub.tarazerp.ir"
    source: hosted
    version: "5.9.2"
  dio_web_adapter:
    dependency: transitive
    description:
      name: dio_web_adapter
      sha256: "2f9e64323a7c3c7ef69567d5c800424a11f8337b8b228bad02524c9fb3c1f340"
      url: "https://pub.tarazerp.ir"
    source: hosted
    version: "2.1.2"
  fake_async:
    dependency: transitive
    description:
      name: fake_async
      sha256: "8547de021ebe5d3cf0f3b956c9981a846eb8d529f4e6f005d235913c8ea73d01"
      url: "https://pub.tarazerp.ir"
    source: hosted
    version: "1.3.3"
  ffi:
    dependency: transitive
    description:
      name: ffi
      sha256: "6d7fd89431262d8f3125e81b50d3847a091d846eafcd4fdb88dd06f36d705a45"
      url: "https://pub.tarazerp.ir"
    source: hosted
    version: "2.2.0"
  file:
    dependency: transitive
    description:
      name: file
      sha256: "2b9724f313622f2f3144b69a4820bb2db7a0a9eb0c14277d763f443ed58e04e6"
      url: "https://pub.tarazerp.ir"
    source: hosted
    version: "7.0.1"
  fixnum:
    dependency: transitive
    description:
      name: fixnum
      sha256: "6c15e1adca2bb3288a41b09e3dc4fb240a9ebcbff492f94e4d3450a438d84827"
      url: "https://pub.tarazerp.ir"
    source: hosted
    version: "1.1.1"
  flutter:
    dependency: "direct main"
    description: flutter
    source: sdk
    version: "0.0.0"
  flutter_bloc:
    dependency: "direct main"
    description:
      name: flutter_bloc
      sha256: "5d737ceb7a7aaf89f7afcdf6ae7a12cbd2169aed442ee2c1a782338b60573161"
      url: "https://pub.tarazerp.ir"
    source: hosted
    version: "9.1.1"
  flutter_lints:
    dependency: "direct dev"
    description:
      name: flutter_lints
      sha256: "2bf3b46e83325cf1327e3537b8d5ec223fbe9d8d6208498a277ff90cbdcfa950"
      url: "https://pub.tarazerp.ir"
    source: hosted
    version: "6.0.0"
  flutter_svg:
    dependency: "direct main"
    description:
      name: flutter_svg
      sha256: "1ded017b39c8e15c8948ea855070a5ff8ff8b3d5e83f3446e02d6bb12add7ad9"
      url: "https://pub.tarazerp.ir"
    source: hosted
    version: "2.2.4"
  flutter_test:
    dependency: "direct dev"
    description: flutter
    source: sdk
    version: "0.0.0"
  flutter_web_plugins:
    dependency: transitive
    description: flutter
    source: sdk
    version: "0.0.0"
  get_it:
    dependency: "direct main"
    description:
      name: get_it
      sha256: "568d62f0e68666fb5d95519743b3c24a34c7f19d834b0658c46e26d778461f66"
      url: "https://pub.tarazerp.ir"
    source: hosted
    version: "9.2.1"
  glob:
    dependency: transitive
    description:
      name: glob
      sha256: "72c1ae5d261e5fac3d90637bf4dad11fd3f5635d29e0b418835ad4cc0be83833"
      url: "https://pub.tarazerp.ir"
    source: hosted
    version: "2.1.3"
  go_router:
    dependency: "direct main"
    description:
      name: go_router
      sha256: "7974313e217a7771557add6ff2238acb63f635317c35fa590d348fb238f00896"
      url: "https://pub.tarazerp.ir"
    source: hosted
    version: "17.1.0"
  graphs:
    dependency: transitive
    description:
      name: graphs
      sha256: "52fc47953c5919c4f9e5f121ae984d118e5d98185ad3a8fd5b64555c5214556d"
      url: "https://pub.tarazerp.ir"
    source: hosted
    version: "2.3.2"
  http:
    dependency: transitive
    description:
      name: http
      sha256: "8628ce839226ce411a227267566ccc3147f3a24d6d66b63938b5fa48d9c405ae"
      url: "https://pub.tarazerp.ir"
    source: hosted
    version: "1.6.0"
  http_multi_server:
    dependency: transitive
    description:
      name: http_multi_server
      sha256: "6ce608f3b6416948c818f44bed864025df756f03c14b5989aa544ec087de5be5"
      url: "https://pub.tarazerp.ir"
    source: hosted
    version: "3.2.2"
  http_parser:
    dependency: transitive
    description:
      name: http_parser
      sha256: f38ffa72ab33b9a5f99ca9bdfbc65af6d52267760377788c4b04b06f1c1c06a1
      url: "https://pub.tarazerp.ir"
    source: hosted
    version: "4.1.2"
  intl:
    dependency: "direct main"
    description:
      name: intl
      sha256: "3f2a34cdf1d60621e392f3c25393bc2d02b891e8dd3205e993cda25714ed97a4"
      url: "https://pub.tarazerp.ir"
    source: hosted
    version: "0.20.2"
  io:
    dependency: transitive
    description:
      name: io
      sha256: c9d858f8ad26a8035ab6eb7095e42c061cb4c1488c4cdbc70bdb445ca9144eb1
      url: "https://pub.tarazerp.ir"
    source: hosted
    version: "1.0.5"
  json_annotation:
    dependency: transitive
    description:
      name: json_annotation
      sha256: cb09e7dac6210041fad964ed7fbee004f14258b4eca4040f72d1234062ace4c8
      url: "https://pub.tarazerp.ir"
    source: hosted
    version: "4.11.0"
  leak_tracker:
    dependency: transitive
    description:
      name: leak_tracker
      sha256: "182f2b7b157b8f2504793e3ecd66b8a4e322e1698ef7ab00a9453ef047e95b10"
      url: "https://pub.tarazerp.ir"
    source: hosted
    version: "11.0.2"
  leak_tracker_flutter_testing:
    dependency: transitive
    description:
      name: leak_tracker_flutter_testing
      sha256: "33ba21dd2e0aebdb829b1c87817c37c0c8957fc2689837189305fd35acdd6f8a"
      url: "https://pub.tarazerp.ir"
    source: hosted
    version: "3.0.10"
  leak_tracker_testing:
    dependency: transitive
    description:
      name: leak_tracker_testing
      sha256: "1c8c9f8288a8498abc17d86224b4ea6c54e2a74b7df272b580c7c35b7e94a0e9"
      url: "https://pub.tarazerp.ir"
    source: hosted
    version: "3.0.2"
  lints:
    dependency: transitive
    description:
      name: lints
      sha256: "12f842a479589fea194fe5c5a3095abc7be0c1f2ddfa9a0e76aed1dbd26a87df"
      url: "https://pub.tarazerp.ir"
    source: hosted
    version: "6.1.0"
  logging:
    dependency: transitive
    description:
      name: logging
      sha256: "127e09b93ceefa2e268a422288520511e468662778993ec12b5e51e8a0cb68c4"
      url: "https://pub.tarazerp.ir"
    source: hosted
    version: "1.3.0"
  matcher:
    dependency: transitive
    description:
      name: matcher
      sha256: "257f3f0d420fcf3daf0fa4a2d332872c963f7a92e02216261a6f748ed6f9dbbb"
      url: "https://pub.tarazerp.ir"
    source: hosted
    version: "0.12.18"
  material_color_utilities:
    dependency: transitive
    description:
      name: material_color_utilities
      sha256: "9c337007e82b1889149c82ed242ed1cb24a66044e30979c44912381e9be4c48b"
      url: "https://pub.tarazerp.ir"
    source: hosted
    version: "0.13.0"
  meta:
    dependency: transitive
    description:
      name: meta
      sha256: "4152ac43e97bc2d6293d8279044dfd69dc0ff993aa38dd0707120fa3692da3d9"
      url: "https://pub.tarazerp.ir"
    source: hosted
    version: "1.17.0"
  mime:
    dependency: transitive
    description:
      name: mime
      sha256: "2eb8c649b955456137a254994c2eafdbc70da6fdffac1b12613d9739a3d2bea3"
      url: "https://pub.tarazerp.ir"
    source: hosted
    version: "2.0.0"
  nested:
    dependency: transitive
    description:
      name: nested
      sha256: "804c4ca7b6a49f96415d0eab4481f985ea3cb28fd3ffdd25ac391b592a96115d"
      url: "https://pub.tarazerp.ir"
    source: hosted
    version: "1.0.0"
  package_config:
    dependency: transitive
    description:
      name: package_config
      sha256: bebe769c47c34d0846c5b4252c6d85b4c0d50c4e18bc816995fb4fc49d5fd1b8
      url: "https://pub.tarazerp.ir"
    source: hosted
    version: "2.2.0"
  path:
    dependency: transitive
    description:
      name: path
      sha256: f2ddc9037096de7b32a4343e48813d4641eae7f9d0359a058e412e3dac12ff97
      url: "https://pub.tarazerp.ir"
    source: hosted
    version: "1.9.1"
  path_parsing:
    dependency: transitive
    description:
      name: path_parsing
      sha256: "63732b2bd10c50d319a7023ee4399a799d2625fe49bd90e8b214a94f93301320"
      url: "https://pub.tarazerp.ir"
    source: hosted
    version: "1.1.0"
  path_provider_linux:
    dependency: transitive
    description:
      name: path_provider_linux
      sha256: b1c2e1113274b0a1105a46ad79230b96ef465226990c28737ca0011c0b10479a
      url: "https://pub.tarazerp.ir"
    source: hosted
    version: "2.2.1"
  path_provider_platform_interface:
    dependency: transitive
    description:
      name: path_provider_platform_interface
      sha256: e341883a7631b7f60d5528d7c54cce44bb8be6edfc854f82ff7cb72a22cdb7f9
      url: "https://pub.tarazerp.ir"
    source: hosted
    version: "2.1.2"
  path_provider_windows:
    dependency: transitive
    description:
      name: path_provider_windows
      sha256: "13bee4bcd6cd297d699da6f6aa5d7a62cb1e12199002c24b1e4b7b8bfe1e75d4"
      url: "https://pub.tarazerp.ir"
    source: hosted
    version: "2.3.0"
  petitparser:
    dependency: transitive
    description:
      name: petitparser
      sha256: "91bd59303e9f769f108f8df05e371341b15d59e995e6806aefab827b58336675"
      url: "https://pub.tarazerp.ir"
    source: hosted
    version: "7.0.2"
  platform:
    dependency: transitive
    description:
      name: platform
      sha256: "872be4110138e562b6da10ccdc02a0e5d706f3029831847fd520f4a4a0a6c4fc"
      url: "https://pub.tarazerp.ir"
    source: hosted
    version: "3.1.6"
  plugin_platform_interface:
    dependency: transitive
    description:
      name: plugin_platform_interface
      sha256: "9791231257169a04f67ee2fdad587217c313b77e2476eda4cd7c76ed9c93b331"
      url: "https://pub.tarazerp.ir"
    source: hosted
    version: "2.1.8"
  pool:
    dependency: transitive
    description:
      name: pool
      sha256: "59dc3174486179e27c1957a2f5dc19120b12eea19df601e145359ec69425d1e0"
      url: "https://pub.tarazerp.ir"
    source: hosted
    version: "1.5.2"
  pretty_dio_logger:
    dependency: "direct main"
    description:
      name: pretty_dio_logger
      sha256: "093c46e944ea7748a3c158e899be913b2c0a6582d26cd56fb9f6a1308664e553"
      url: "https://pub.tarazerp.ir"
    source: hosted
    version: "1.4.0"
  provider:
    dependency: transitive
    description:
      name: provider
      sha256: "4d9e15ebe6a4d0a93d8acf22380b5de29d14eb8f31991d404b96600ef1e6db49"
      url: "https://pub.tarazerp.ir"
    source: hosted
    version: "6.1.5+1"
  pub_semver:
    dependency: transitive
    description:
      name: pub_semver
      sha256: "37e0498a1ceb6a5245b98021dc2efe9fb681bade0d7ff00c824c2769785c26df"
      url: "https://pub.tarazerp.ir"
    source: hosted
    version: "2.2.0"
  pubspec_parse:
    dependency: transitive
    description:
      name: pubspec_parse
      sha256: a50bcb10c65558dd8a3cb5eb325707f619c546e290ba7452672ca042faddcc9a
      url: "https://pub.tarazerp.ir"
    source: hosted
    version: "1.5.0"
  shared_preferences:
    dependency: "direct main"
    description:
      name: shared_preferences
      sha256: c3025c5534b01739267eb7d76959bbc25a6d10f6988e1c2a3036940133dd10bf
      url: "https://pub.tarazerp.ir"
    source: hosted
    version: "2.5.5"
  shared_preferences_android:
    dependency: transitive
    description:
      name: shared_preferences_android
      sha256: e8d4762b1e2e8578fc4d0fd548cebf24afd24f49719c08974df92834565e2c53
      url: "https://pub.tarazerp.ir"
    source: hosted
    version: "2.4.23"
  shared_preferences_foundation:
    dependency: transitive
    description:
      name: shared_preferences_foundation
      sha256: "4a8d8e7c7a85f4a3c351cf9517dcb2abce89381f204a6d3a85eef72b2af95a67"
      url: "https://pub.tarazerp.ir"
    source: hosted
    version: "2.5.6"
  shared_preferences_linux:
    dependency: transitive
    description:
      name: shared_preferences_linux
      sha256: "8bacf89e0554c453c7b692a1477cf2667a992acffa98dc6e6159579dbb3e2011"
      url: "https://pub.tarazerp.ir"
    source: hosted
    version: "2.4.1"
  shared_preferences_platform_interface:
    dependency: transitive
    description:
      name: shared_preferences_platform_interface
      sha256: "649dc798a33931919ea356c4305c2d1f81619ea6e92244070b520187b5140ef9"
      url: "https://pub.tarazerp.ir"
    source: hosted
    version: "2.4.2"
  shared_preferences_web:
    dependency: transitive
    description:
      name: shared_preferences_web
      sha256: "3ad2c8b8d9bb6bd60aee9b3a35148bd2ce9de513ecdb794d18b78ba5c9100a0e"
      url: "https://pub.tarazerp.ir"
    source: hosted
    version: "2.4.3"
  shared_preferences_windows:
    dependency: transitive
    description:
      name: shared_preferences_windows
      sha256: "8776f819f57ca5fe4bb9e2e3436753b655b0ec3e97bf187ac578ee9d8d7e2edb"
      url: "https://pub.tarazerp.ir"
    source: hosted
    version: "2.4.1"
  shelf:
    dependency: transitive
    description:
      name: shelf
      sha256: "28716bcb5f3a6c844d856de423b2f7948468dfbcd02e71ed5ae5872a2dc63698"
      url: "https://pub.tarazerp.ir"
    source: hosted
    version: "1.4.2"
  shelf_web_socket:
    dependency: transitive
    description:
      name: shelf_web_socket
      sha256: "8f25619dc91b870a1b2874ad8deb2b59ffa3db9bdd6b41830759ec9f49d3ceb5"
      url: "https://pub.tarazerp.ir"
    source: hosted
    version: "3.0.0"
  skeletonizer:
    dependency: "direct main"
    description:
      name: skeletonizer
      sha256: "9f38f9b47ec3cf2235a6a4f154a88a95432bc55ba98b3e2eb6ced5c1974bc122"
      url: "https://pub.tarazerp.ir"
    source: hosted
    version: "2.1.3"
  sky_engine:
    dependency: transitive
    description: flutter
    source: sdk
    version: "0.0.0"
  smooth_page_indicator:
    dependency: "direct main"
    description:
      name: smooth_page_indicator
      sha256: b9535121587176cb23a7e6be2e7ea4d9918c5fe86520a1e6114e09906d56b93b
      url: "https://pub.tarazerp.ir"
    source: hosted
    version: "2.0.1"
  source_span:
    dependency: transitive
    description:
      name: source_span
      sha256: "56a02f1f4cd1a2d96303c0144c93bd6d909eea6bee6bf5a0e0b685edbd4c47ab"
      url: "https://pub.tarazerp.ir"
    source: hosted
    version: "1.10.2"
  stack_trace:
    dependency: transitive
    description:
      name: stack_trace
      sha256: "0037d7a0e3e3c9a547c7f29661d086af41d5cc0d59951e9760647339c17da7e7"
      url: "https://pub.tarazerp.ir"
    source: hosted
    version: "1.12.1"
  stream_channel:
    dependency: transitive
    description:
      name: stream_channel
      sha256: "85021f7502ce19ba9bc6022b046e00d70b3b7dbc2531fbfe719ac917de9e4cad"
      url: "https://pub.tarazerp.ir"
    source: hosted
    version: "2.1.4"
  stream_transform:
    dependency: transitive
    description:
      name: stream_transform
      sha256: d23b6891ab09f81eb1f202baa536bd7eb5863d5a8db7b6e7e27dff473fc7ee6c
      url: "https://pub.tarazerp.ir"
    source: hosted
    version: "2.1.1"
  string_scanner:
    dependency: transitive
    description:
      name: string_scanner
      sha256: e636974dffeaf897e85e534ac4def377a2b520ee3f663ddd132f7f66e75c3d6d
      url: "https://pub.tarazerp.ir"
    source: hosted
    version: "1.4.1"
  term_glyph:
    dependency: transitive
    description:
      name: term_glyph
      sha256: d6ea57eeb1944bea325d29cc207d3c2a24b254350100eb6663f5d0eba12ecc3b
      url: "https://pub.tarazerp.ir"
    source: hosted
    version: "1.2.2"
  test_api:
    dependency: transitive
    description:
      name: test_api
      sha256: "69cc95ee1f019ad7093a87163859db9d6b809d2e764f76fc536593204e430827"
      url: "https://pub.tarazerp.ir"
    source: hosted
    version: "0.7.9"
  typed_data:
    dependency: transitive
    description:
      name: typed_data
      sha256: c48a2ee9c76c41db079cd9fd6a403900ba7452f9a2138376a8fdc30ad1c61731
      url: "https://pub.tarazerp.ir"
    source: hosted
    version: "1.4.0"
  url_launcher:
    dependency: "direct main"
    description:
      name: url_launcher
      sha256: b5bc871e750858c37ae2a5b15dca7dcbe635f7dbe4731a7d81f72c07f9c85f27
      url: "https://pub.tarazerp.ir"
    source: hosted
    version: "6.3.2"
  url_launcher_android:
    dependency: transitive
    description:
      name: url_launcher_android
      sha256: "3bb000251e55d4a209aa0e2e563309dc9bb2befea2295fd0cec1f51760aac572"
      url: "https://pub.tarazerp.ir"
    source: hosted
    version: "6.3.29"
  url_launcher_ios:
    dependency: transitive
    description:
      name: url_launcher_ios
      sha256: "580fe5dfb51671ae38191d316e027f6b76272b026370708c2d898799750a02b0"
      url: "https://pub.tarazerp.ir"
    source: hosted
    version: "6.4.1"
  url_launcher_linux:
    dependency: transitive
    description:
      name: url_launcher_linux
      sha256: "8e7065947317eb9c517be35fac9006f404312667fe2efafb82fa112db5a7e522"
      url: "https://pub.tarazerp.ir"
    source: hosted
    version: "3.2.2"
  url_launcher_macos:
    dependency: transitive
    description:
      name: url_launcher_macos
      sha256: "470a69b362e0ec8ab1536ac09b2b6fe2d3396b974e92e27dc77212a6bf11c315"
      url: "https://pub.tarazerp.ir"
    source: hosted
    version: "3.2.5"
  url_launcher_platform_interface:
    dependency: transitive
    description:
      name: url_launcher_platform_interface
      sha256: "1aea827384f054435297d53a034c184fd99db2230a1cea4893988e05a915a3ed"
      url: "https://pub.tarazerp.ir"
    source: hosted
    version: "2.3.2"
  url_launcher_web:
    dependency: transitive
    description:
      name: url_launcher_web
      sha256: b2339241204f12f4ac77db6040ce086d03f68e90acd5781548a4f40bc358a56b
      url: "https://pub.tarazerp.ir"
    source: hosted
    version: "2.4.2"
  url_launcher_windows:
    dependency: transitive
    description:
      name: url_launcher_windows
      sha256: d6537433e0e78b49e7ccc36d53bcb2ac183cd169e7c7033455efc4aedf500a4e
      url: "https://pub.tarazerp.ir"
    source: hosted
    version: "3.1.5"
  vector_graphics:
    dependency: transitive
    description:
      name: vector_graphics
      sha256: "7076216a10d5c390315fbe536a30f1254c341e7543e6c4c8a815e591307772b1"
      url: "https://pub.tarazerp.ir"
    source: hosted
    version: "1.1.20"
  vector_graphics_codec:
    dependency: transitive
    description:
      name: vector_graphics_codec
      sha256: c8d48bce3de431d67265a1231696a8efb9c1df0eff48fec3b90ec10eab82f717
      url: "https://pub.tarazerp.ir"
    source: hosted
    version: "1.1.13"
  vector_graphics_compiler:
    dependency: transitive
    description:
      name: vector_graphics_compiler
      sha256: "5a88dd14c0954a5398af544651c7fb51b457a2a556949bfb25369b210ef73a74"
      url: "https://pub.tarazerp.ir"
    source: hosted
    version: "1.2.0"
  vector_math:
    dependency: transitive
    description:
      name: vector_math
      sha256: e2f2aa37c4ef504cba572a93f01bcf389ac10489c6e499ee5d122d274a375077
      url: "https://pub.tarazerp.ir"
    source: hosted
    version: "2.2.0"
  vm_service:
    dependency: transitive
    description:
      name: vm_service
      sha256: dac93c8aec55ce115fa4a6500b3a15f24e1debbaa7248d460ca5e6df756f68aa
      url: "https://pub.tarazerp.ir"
    source: hosted
    version: "15.0.2"
  watcher:
    dependency: transitive
    description:
      name: watcher
      sha256: "8a94cf2a70187ba61b1f0bca7086c41a7f040fc79326001d4b288f941eb99e3c"
      url: "https://pub.tarazerp.ir"
    source: hosted
    version: "1.2.1"
  web:
    dependency: transitive
    description:
      name: web
      sha256: "5c6c9073f204d3015d106b3ab6c93034dc477d2158c338d3471b309869344662"
      url: "https://pub.tarazerp.ir"
    source: hosted
    version: "1.1.1"
  web_socket:
    dependency: transitive
    description:
      name: web_socket
      sha256: b92a00d7fcda27c7dedac1a791c71d339b07cb5cf017fd4a8b33bbb75e5e7efd
      url: "https://pub.tarazerp.ir"
    source: hosted
    version: "1.0.1"
  web_socket_channel:
    dependency: transitive
    description:
      name: web_socket_channel
      sha256: "6667904561e743b61cf97e7863f2e2779c90e12dab423459d2902733be5d885d"
      url: "https://pub.tarazerp.ir"
    source: hosted
    version: "3.0.3"
  xdg_directories:
    dependency: transitive
    description:
      name: xdg_directories
      sha256: "8987dd98547b7293f302283e3bee2d95e21e53fd0e461078055fead776f35445"
      url: "https://pub.tarazerp.ir"
    source: hosted
    version: "1.1.0"
  xml:
    dependency: transitive
    description:
      name: xml
      sha256: "04b1f2076d7abecbb3fcfca8582ce8c2ddf181ceae4b4b9df6e353de2288b1fd"
      url: "https://pub.tarazerp.ir"
    source: hosted
    version: "6.6.1"
  yaml:
    dependency: transitive
    description:
      name: yaml
      sha256: "29c45dfe7e1f2e41542ea57c46e59843e647f67c73c1d516b05fa6104b910c34"
      url: "https://pub.tarazerp.ir"
    source: hosted
    version: "3.1.3"
sdks:
  dart: ">=3.11.0 <4.0.0"
  flutter: ">=3.38.0"
